
Microsoft Visual Studio Solution File, Format Version 12.00
# Visual Studio Version 17
VisualStudioVersion = 17.5.33530.505
MinimumVisualStudioVersion = 10.0.40219.1
Project("{FAE04EC0-301F-11D3-BF4B-00C04F79EFBC}") = "GTInject", "GTInject\GTInject.csproj", "{FB7581CE-1B39-4FE9-84C8-DC0631E48CA6}"
EndProject
Global
	GlobalSection(SolutionConfigurationPlatforms) = preSolution
		Debug|Any CPU = Debug|Any CPU
		Release|Any CPU = Release|Any CPU
	EndGlobalSection
	GlobalSection(ProjectConfigurationPlatforms) = postSolution
		{FB7581CE-1B39-4FE9-84C8-DC0631E48CA6}.Debug|Any CPU.ActiveCfg = Debug|Any CPU
		{FB7581CE-1B39-4FE9-84C8-DC0631E48CA6}.Debug|Any CPU.Build.0 = Debug|Any CPU
		{FB7581CE-1B39-4FE9-84C8-DC0631E48CA6}.Release|Any CPU.ActiveCfg = Release|Any CPU
		{FB7581CE-1B39-4FE9-84C8-DC0631E48CA6}.Release|Any CPU.Build.0 = Release|Any CPU
	EndGlobalSection
	GlobalSection(SolutionProperties) = preSolution
		HideSolutionNode = FALSE
	EndGlobalSection
	GlobalSection(ExtensibilityGlobals) = postSolution
		SolutionGuid = {27E9C79C-E7E6-46A7-9357-48694610801D}
	EndGlobalSection
EndGlobal
